{
  "name": "College_Life",
  "lockfileVersion": 3,
  "requires": true,
  "packages": {
    "": {
      "dependencies": {
        "retrozone": "github:TheMarco/retrozone"
      }
    },
    "node_modules/retrozone": {
      "version": "1.0.0",
      "resolved": "git+ssh://git@github.com/TheMarco/retrozone.git#b7bc446e6f8419d1022bfc2dddd9d38a114f7c56",
      "license": "MIT",
      "peerDependencies": {
        "phaser": ">=3.60.0"
      },
      "peerDependenciesMeta": {
        "phaser": {
          "optional": true
        }
      }
    }
  }
}
